
Microsoft Visual Studio Solution File, Format Version 12.00
# Visual Studio Version 16
VisualStudioVersion = 16.0.29609.76
MinimumVisualStudioVersion = 10.0.40219.1
Project("{9A19103F-16F7-4668-BE54-9A1E7A4F7556}") = "Bageriet", "Bageriet\Bageriet.csproj", "{1B37B0CF-7A1C-4BA1-82D0-2E4EE9B42F15}"
EndProject
Project("{FAE04EC0-301F-11D3-BF4B-00C04F79EFBC}") = "Bageriet.Test", "Bageriet.Test\Bageriet.Test.csproj", "{42495668-9240-48DA-8B68-972B2A73EE14}"
EndProject
Global
	GlobalSection(SolutionConfigurationPlatforms) = preSolution
		Debug|Any CPU = Debug|Any CPU
		Release|Any CPU = Release|Any CPU
	EndGlobalSection
	GlobalSection(ProjectConfigurationPlatforms) = postSolution
		{1B37B0CF-7A1C-4BA1-82D0-2E4EE9B42F15}.Debug|Any CPU.ActiveCfg = Debug|Any CPU
		{1B37B0CF-7A1C-4BA1-82D0-2E4EE9B42F15}.Debug|Any CPU.Build.0 = Debug|Any CPU
		{1B37B0CF-7A1C-4BA1-82D0-2E4EE9B42F15}.Release|Any CPU.ActiveCfg = Release|Any CPU
		{1B37B0CF-7A1C-4BA1-82D0-2E4EE9B42F15}.Release|Any CPU.Build.0 = Release|Any CPU
		{42495668-9240-48DA-8B68-972B2A73EE14}.Debug|Any CPU.ActiveCfg = Debug|Any CPU
		{42495668-9240-48DA-8B68-972B2A73EE14}.Debug|Any CPU.Build.0 = Debug|Any CPU
		{42495668-9240-48DA-8B68-972B2A73EE14}.Release|Any CPU.ActiveCfg = Release|Any CPU
		{42495668-9240-48DA-8B68-972B2A73EE14}.Release|Any CPU.Build.0 = Release|Any CPU
	EndGlobalSection
	GlobalSection(SolutionProperties) = preSolution
		HideSolutionNode = FALSE
	EndGlobalSection
	GlobalSection(ExtensibilityGlobals) = postSolution
		SolutionGuid = {A3015496-E3B2-4661-8240-38D1F1CEA1BC}
	EndGlobalSection
EndGlobal
